
Microsoft Visual Studio Solution File, Format Version 12.00
# Visual Studio 2012
Project("{8BC9CEB8-8B4A-11D0-8D11-00A0C91BC942}") = "Window_Media_Player", "Window_Media_Player\Window_Media_Player.vcxproj", "{76091C8B-59E0-4F56-B26F-EC50DEC8F94B}"
EndProject
Project("{6141683F-8A12-4E36-9623-2EB02B2C2303}") = "Setup1_Media_Pleyer", "Setup1_Media_Pleyer\Setup1_Media_Pleyer.isproj", "{EA6A1EC9-9799-4BB3-8641-4090E377C793}"
	ProjectSection(ProjectDependencies) = postProject
		{76091C8B-59E0-4F56-B26F-EC50DEC8F94B} = {76091C8B-59E0-4F56-B26F-EC50DEC8F94B}
	EndProjectSection
EndProject
Global
	GlobalSection(SolutionConfigurationPlatforms) = preSolution
		CD_ROM|Win32 = CD_ROM|Win32
		Debug|Win32 = Debug|Win32
		DVD-5|Win32 = DVD-5|Win32
		Release|Win32 = Release|Win32
		SingleImage|Win32 = SingleImage|Win32
	EndGlobalSection
	GlobalSection(ProjectConfigurationPlatforms) = postSolution
		{76091C8B-59E0-4F56-B26F-EC50DEC8F94B}.CD_ROM|Win32.ActiveCfg = Release|Win32
		{76091C8B-59E0-4F56-B26F-EC50DEC8F94B}.CD_ROM|Win32.Build.0 = Release|Win32
		{76091C8B-59E0-4F56-B26F-EC50DEC8F94B}.Debug|Win32.ActiveCfg = Debug|Win32
		{76091C8B-59E0-4F56-B26F-EC50DEC8F94B}.Debug|Win32.Build.0 = Debug|Win32
		{76091C8B-59E0-4F56-B26F-EC50DEC8F94B}.DVD-5|Win32.ActiveCfg = Debug|Win32
		{76091C8B-59E0-4F56-B26F-EC50DEC8F94B}.DVD-5|Win32.Build.0 = Debug|Win32
		{76091C8B-59E0-4F56-B26F-EC50DEC8F94B}.Release|Win32.ActiveCfg = Release|Win32
		{76091C8B-59E0-4F56-B26F-EC50DEC8F94B}.Release|Win32.Build.0 = Release|Win32
		{76091C8B-59E0-4F56-B26F-EC50DEC8F94B}.SingleImage|Win32.ActiveCfg = Release|Win32
		{76091C8B-59E0-4F56-B26F-EC50DEC8F94B}.SingleImage|Win32.Build.0 = Release|Win32
		{EA6A1EC9-9799-4BB3-8641-4090E377C793}.CD_ROM|Win32.ActiveCfg = CD_ROM
		{EA6A1EC9-9799-4BB3-8641-4090E377C793}.CD_ROM|Win32.Build.0 = CD_ROM
		{EA6A1EC9-9799-4BB3-8641-4090E377C793}.Debug|Win32.ActiveCfg = DVD-5
		{EA6A1EC9-9799-4BB3-8641-4090E377C793}.Debug|Win32.Build.0 = DVD-5
		{EA6A1EC9-9799-4BB3-8641-4090E377C793}.DVD-5|Win32.ActiveCfg = DVD-5
		{EA6A1EC9-9799-4BB3-8641-4090E377C793}.DVD-5|Win32.Build.0 = DVD-5
		{EA6A1EC9-9799-4BB3-8641-4090E377C793}.Release|Win32.ActiveCfg = SingleImage
		{EA6A1EC9-9799-4BB3-8641-4090E377C793}.Release|Win32.Build.0 = SingleImage
		{EA6A1EC9-9799-4BB3-8641-4090E377C793}.SingleImage|Win32.ActiveCfg = SingleImage
		{EA6A1EC9-9799-4BB3-8641-4090E377C793}.SingleImage|Win32.Build.0 = SingleImage
	EndGlobalSection
	GlobalSection(SolutionProperties) = preSolution
		HideSolutionNode = FALSE
	EndGlobalSection
EndGlobal
