
Microsoft Visual Studio Solution File, Format Version 12.00
# Visual Studio 2012
Project("{8BC9CEB8-8B4A-11D0-8D11-00A0C91BC942}") = "Access _MB_da_Yangilash", "Access _MB_da_Yangilash\Access _MB_da_Yangilash.vcxproj", "{D2389DFA-287C-471D-904A-5644CFFE6787}"
EndProject
Global
	GlobalSection(SolutionConfigurationPlatforms) = preSolution
		Debug|Win32 = Debug|Win32
		Release|Win32 = Release|Win32
	EndGlobalSection
	GlobalSection(ProjectConfigurationPlatforms) = postSolution
		{D2389DFA-287C-471D-904A-5644CFFE6787}.Debug|Win32.ActiveCfg = Debug|Win32
		{D2389DFA-287C-471D-904A-5644CFFE6787}.Debug|Win32.Build.0 = Debug|Win32
		{D2389DFA-287C-471D-904A-5644CFFE6787}.Release|Win32.ActiveCfg = Release|Win32
		{D2389DFA-287C-471D-904A-5644CFFE6787}.Release|Win32.Build.0 = Release|Win32
	EndGlobalSection
	GlobalSection(SolutionProperties) = preSolution
		HideSolutionNode = FALSE
	EndGlobalSection
EndGlobal
