
Microsoft Visual Studio Solution File, Format Version 12.00
# Visual Studio 2012
Project("{8BC9CEB8-8B4A-11D0-8D11-00A0C91BC942}") = "Web_brouserda_jadvallar", "Web_brouserda_jadvallar\Web_brouserda_jadvallar.vcxproj", "{3185D6BC-2B08-4895-9B13-9F1C1AC0B01B}"
EndProject
Global
	GlobalSection(SolutionConfigurationPlatforms) = preSolution
		Debug|Win32 = Debug|Win32
		Release|Win32 = Release|Win32
	EndGlobalSection
	GlobalSection(ProjectConfigurationPlatforms) = postSolution
		{3185D6BC-2B08-4895-9B13-9F1C1AC0B01B}.Debug|Win32.ActiveCfg = Debug|Win32
		{3185D6BC-2B08-4895-9B13-9F1C1AC0B01B}.Debug|Win32.Build.0 = Debug|Win32
		{3185D6BC-2B08-4895-9B13-9F1C1AC0B01B}.Release|Win32.ActiveCfg = Release|Win32
		{3185D6BC-2B08-4895-9B13-9F1C1AC0B01B}.Release|Win32.Build.0 = Release|Win32
	EndGlobalSection
	GlobalSection(SolutionProperties) = preSolution
		HideSolutionNode = FALSE
	EndGlobalSection
EndGlobal
